
Microsoft Visual Studio Solution File, Format Version 12.00
# Visual Studio Version 16
VisualStudioVersion = 16.0.31702.278
MinimumVisualStudioVersion = 10.0.40219.1
Project("{FAE04EC0-301F-11D3-BF4B-00C04F79EFBC}") = "Emplayewageuc1", "Emplayewageuc1.csproj", "{760E7E75-E5D2-4091-B33A-A0089BE9B576}"
EndProject
Global
	GlobalSection(SolutionConfigurationPlatforms) = preSolution
		Debug|Any CPU = Debug|Any CPU
		Release|Any CPU = Release|Any CPU
	EndGlobalSection
	GlobalSection(ProjectConfigurationPlatforms) = postSolution
		{760E7E75-E5D2-4091-B33A-A0089BE9B576}.Debug|Any CPU.ActiveCfg = Debug|Any CPU
		{760E7E75-E5D2-4091-B33A-A0089BE9B576}.Debug|Any CPU.Build.0 = Debug|Any CPU
		{760E7E75-E5D2-4091-B33A-A0089BE9B576}.Release|Any CPU.ActiveCfg = Release|Any CPU
		{760E7E75-E5D2-4091-B33A-A0089BE9B576}.Release|Any CPU.Build.0 = Release|Any CPU
	EndGlobalSection
	GlobalSection(SolutionProperties) = preSolution
		HideSolutionNode = FALSE
	EndGlobalSection
	GlobalSection(ExtensibilityGlobals) = postSolution
		SolutionGuid = {E6DCDEE5-0E1D-4483-83C9-51C898737569}
	EndGlobalSection
EndGlobal
