
Microsoft Visual Studio Solution File, Format Version 12.00
# Visual Studio Version 16
VisualStudioVersion = 16.0.31702.278
MinimumVisualStudioVersion = 10.0.40219.1
Project("{FAE04EC0-301F-11D3-BF4B-00C04F79EFBC}") = "CallculateLength", "CallculateLength.csproj", "{E9B93B5C-7504-4983-9B3C-C2EF01ECA410}"
EndProject
Global
	GlobalSection(SolutionConfigurationPlatforms) = preSolution
		Debug|Any CPU = Debug|Any CPU
		Release|Any CPU = Release|Any CPU
	EndGlobalSection
	GlobalSection(ProjectConfigurationPlatforms) = postSolution
		{E9B93B5C-7504-4983-9B3C-C2EF01ECA410}.Debug|Any CPU.ActiveCfg = Debug|Any CPU
		{E9B93B5C-7504-4983-9B3C-C2EF01ECA410}.Debug|Any CPU.Build.0 = Debug|Any CPU
		{E9B93B5C-7504-4983-9B3C-C2EF01ECA410}.Release|Any CPU.ActiveCfg = Release|Any CPU
		{E9B93B5C-7504-4983-9B3C-C2EF01ECA410}.Release|Any CPU.Build.0 = Release|Any CPU
	EndGlobalSection
	GlobalSection(SolutionProperties) = preSolution
		HideSolutionNode = FALSE
	EndGlobalSection
	GlobalSection(ExtensibilityGlobals) = postSolution
		SolutionGuid = {72EF400E-CB16-48F9-AE7F-56B521B77512}
	EndGlobalSection
EndGlobal
