
Microsoft Visual Studio Solution File, Format Version 12.00
# Visual Studio Version 16
VisualStudioVersion = 16.0.31702.278
MinimumVisualStudioVersion = 10.0.40219.1
Project("{FAE04EC0-301F-11D3-BF4B-00C04F79EFBC}") = "Employewageuc3", "Employewageuc3.csproj", "{59B195B3-DBBF-459E-82EA-0C4662F538BE}"
EndProject
Global
	GlobalSection(SolutionConfigurationPlatforms) = preSolution
		Debug|Any CPU = Debug|Any CPU
		Release|Any CPU = Release|Any CPU
	EndGlobalSection
	GlobalSection(ProjectConfigurationPlatforms) = postSolution
		{59B195B3-DBBF-459E-82EA-0C4662F538BE}.Debug|Any CPU.ActiveCfg = Debug|Any CPU
		{59B195B3-DBBF-459E-82EA-0C4662F538BE}.Debug|Any CPU.Build.0 = Debug|Any CPU
		{59B195B3-DBBF-459E-82EA-0C4662F538BE}.Release|Any CPU.ActiveCfg = Release|Any CPU
		{59B195B3-DBBF-459E-82EA-0C4662F538BE}.Release|Any CPU.Build.0 = Release|Any CPU
	EndGlobalSection
	GlobalSection(SolutionProperties) = preSolution
		HideSolutionNode = FALSE
	EndGlobalSection
	GlobalSection(ExtensibilityGlobals) = postSolution
		SolutionGuid = {7D408340-4428-455F-ADE5-640D42A4F4A1}
	EndGlobalSection
EndGlobal
