
Microsoft Visual Studio Solution File, Format Version 12.00
# Visual Studio Version 16
VisualStudioVersion = 16.0.31702.278
MinimumVisualStudioVersion = 10.0.40219.1
Project("{FAE04EC0-301F-11D3-BF4B-00C04F79EFBC}") = "Employewageuc2", "Employewageuc2.csproj", "{6C03866B-39EC-4BDA-8C91-B621A6C0B216}"
EndProject
Global
	GlobalSection(SolutionConfigurationPlatforms) = preSolution
		Debug|Any CPU = Debug|Any CPU
		Release|Any CPU = Release|Any CPU
	EndGlobalSection
	GlobalSection(ProjectConfigurationPlatforms) = postSolution
		{6C03866B-39EC-4BDA-8C91-B621A6C0B216}.Debug|Any CPU.ActiveCfg = Debug|Any CPU
		{6C03866B-39EC-4BDA-8C91-B621A6C0B216}.Debug|Any CPU.Build.0 = Debug|Any CPU
		{6C03866B-39EC-4BDA-8C91-B621A6C0B216}.Release|Any CPU.ActiveCfg = Release|Any CPU
		{6C03866B-39EC-4BDA-8C91-B621A6C0B216}.Release|Any CPU.Build.0 = Release|Any CPU
	EndGlobalSection
	GlobalSection(SolutionProperties) = preSolution
		HideSolutionNode = FALSE
	EndGlobalSection
	GlobalSection(ExtensibilityGlobals) = postSolution
		SolutionGuid = {468E915A-D806-493C-A8A0-9D0F7D68BF65}
	EndGlobalSection
EndGlobal
